{
    "name": "wet-boew",
    "version": "4.0.21-development",
    "dependencies": {
        "assemble": {
            "version": "0.4.42",
            "from": "https://registry.npmjs.org/assemble/-/assemble-0.4.42.tgz",
            "resolved": "https://registry.npmjs.org/assemble/-/assemble-0.4.42.tgz",
            "dependencies": {
                "assemble-handlebars": {
                    "version": "0.2.3",
                    "from": "https://registry.npmjs.org/assemble-handlebars/-/assemble-handlebars-0.2.3.tgz",
                    "resolved": "https://registry.npmjs.org/assemble-handlebars/-/assemble-handlebars-0.2.3.tgz",
                    "dependencies": {
                        "lodash": {
                            "version": "2.2.1",
                            "from": "lodash@2.2.1"
                        },
                        "handlebars": {
                            "version": "1.3.0",
                            "from": "handlebars@1.3.0",
                            "dependencies": {
                                "optimist": {
                                    "version": "0.3.7",
                                    "from": "optimist@0.3.7",
                                    "dependencies": {
                                        "wordwrap": {
                                            "version": "0.0.2",
                                            "from": "wordwrap@0.0.2"
                                        }
                                    }
                                },
                                "uglify-js": {
                                    "version": "2.3.6",
                                    "from": "uglify-js@2.3.6",
                                    "resolved": "https://registry.npmjs.org/uglify-js/-/uglify-js-2.3.6.tgz",
                                    "dependencies": {
                                        "async": {
                                            "version": "0.2.10",
                                            "from": "async@0.2.10"
                                        },
                                        "source-map": {
                                            "version": "0.1.40",
                                            "from": "source-map@0.1.40",
                                            "resolved": "https://registry.npmjs.org/source-map/-/source-map-0.1.40.tgz",
                                            "dependencies": {
                                                "amdefine": {
                                                    "version": "0.1.0",
                                                    "from": "amdefine@0.1.0"
                                                }
                                            }
                                        }
                                    }
                                }
                            }
                        },
                        "handlebars-helpers": {
                            "version": "0.5.8",
                            "from": "https://registry.npmjs.org/handlebars-helpers/-/handlebars-helpers-0.5.8.tgz",
                            "resolved": "https://registry.npmjs.org/handlebars-helpers/-/handlebars-helpers-0.5.8.tgz",
                            "dependencies": {
                                "highlight.js": {
                                    "version": "7.4.0",
                                    "from": "https://registry.npmjs.org/highlight.js/-/highlight.js-7.4.0.tgz",
                                    "resolved": "https://registry.npmjs.org/highlight.js/-/highlight.js-7.4.0.tgz"
                                },
                                "iconv-lite": {
                                    "version": "0.2.11",
                                    "from": "iconv-lite@0.2.11"
                                },
                                "js-yaml": {
                                    "version": "2.1.3",
                                    "from": "js-yaml@2.1.3",
                                    "resolved": "https://registry.npmjs.org/js-yaml/-/js-yaml-2.1.3.tgz",
                                    "dependencies": {
                                        "argparse": {
                                            "version": "0.1.15",
                                            "from": "argparse@0.1.15",
                                            "dependencies": {
                                                "underscore": {
                                                    "version": "1.4.4",
                                                    "from": "underscore@1.4.4"
                                                },
                                                "underscore.string": {
                                                    "version": "2.3.3",
                                                    "from": "underscore.string@2.3.3"
                                                }
                                            }
                                        },
                                        "esprima": {
                                            "version": "1.0.4",
                                            "from": "esprima@1.0.4"
                                        }
                                    }
                                },
                                "marked": {
                                    "version": "0.2.10",
                                    "from": "https://registry.npmjs.org/marked/-/marked-0.2.10.tgz",
                                    "resolved": "https://registry.npmjs.org/marked/-/marked-0.2.10.tgz"
                                },
                                "matchdep": {
                                    "version": "0.3.0",
                                    "from": "https://registry.npmjs.org/matchdep/-/matchdep-0.3.0.tgz",
                                    "resolved": "https://registry.npmjs.org/matchdep/-/matchdep-0.3.0.tgz",
                                    "dependencies": {
                                        "findup-sync": {
                                            "version": "0.1.3",
                                            "from": "findup-sync@0.1.3",
                                            "dependencies": {
                                                "glob": {
                                                    "version": "3.2.11",
                                                    "from": "glob@3.2.11",
                                                    "resolved": "https://registry.npmjs.org/glob/-/glob-3.2.11.tgz",
                                                    "dependencies": {
                                                        "inherits": {
                                                            "version": "2.0.1",
                                                            "from": "inherits@2.0.1"
                                                        },
                                                        "minimatch": {
                                                            "version": "0.3.0",
                                                            "from": "minimatch@0.3.0",
                                                            "dependencies": {
                                                                "lru-cache": {
                                                                    "version": "2.5.0",
                                                                    "from": "lru-cache@2.5.0",
                                                                    "resolved": "https://registry.npmjs.org/lru-cache/-/lru-cache-2.5.0.tgz"
                                                                },
                                                                "sigmund": {
                                                                    "version": "1.0.0",
                                                                    "from": "sigmund@1.0.0"
                                                                }
                                                            }
                                                        }
                                                    }
                                                },
                                                "lodash": {
                                                    "version": "2.4.1",
                                                    "from": "lodash@2.4.1"
                                                }
                                            }
                                        },
                                        "resolve": {
                                            "version": "0.5.1",
                                            "from": "https://registry.npmjs.org/resolve/-/resolve-0.5.1.tgz",
                                            "resolved": "https://registry.npmjs.org/resolve/-/resolve-0.5.1.tgz"
                                        },
                                        "stack-trace": {
                                            "version": "0.0.7",
                                            "from": "https://registry.npmjs.org/stack-trace/-/stack-trace-0.0.7.tgz",
                                            "resolved": "https://registry.npmjs.org/stack-trace/-/stack-trace-0.0.7.tgz"
                                        },
                                        "globule": {
                                            "version": "0.1.0",
                                            "from": "globule@0.1.0",
                                            "dependencies": {
                                                "lodash": {
                                                    "version": "1.0.1",
                                                    "from": "lodash@1.0.1"
                                                },
                                                "glob": {
                                                    "version": "3.1.21",
                                                    "from": "glob@3.1.21",
                                                    "dependencies": {
                                                        "graceful-fs": {
                                                            "version": "1.2.3",
                                                            "from": "graceful-fs@1.2.3"
                                                        },
                                                        "inherits": {
                                                            "version": "1.0.0",
                                                            "from": "inherits@1.0.0"
                                                        }
                                                    }
                                                }
                                            }
                                        }
                                    }
                                },
                                "matchkeys": {
                                    "version": "0.1.3",
                                    "from": "https://registry.npmjs.org/matchkeys/-/matchkeys-0.1.3.tgz",
                                    "resolved": "https://registry.npmjs.org/matchkeys/-/matchkeys-0.1.3.tgz",
                                    "dependencies": {
                                        "lodash": {
                                            "version": "1.3.1",
                                            "from": "lodash@1.3.1"
                                        },
                                        "resolve-dep": {
                                            "version": "0.1.3",
                                            "from": "https://registry.npmjs.org/resolve-dep/-/resolve-dep-0.1.3.tgz",
                                            "resolved": "https://registry.npmjs.org/resolve-dep/-/resolve-dep-0.1.3.tgz"
                                        },
                                        "matchdep": {
                                            "version": "0.1.2",
                                            "from": "https://registry.npmjs.org/matchdep/-/matchdep-0.1.2.tgz",
                                            "resolved": "https://registry.npmjs.org/matchdep/-/matchdep-0.1.2.tgz"
                                        },
                                        "chalk": {
                                            "version": "0.2.1",
                                            "from": "chalk@0.2.1",
                                            "resolved": "https://registry.npmjs.org/chalk/-/chalk-0.2.1.tgz",
                                            "dependencies": {
                                                "has-color": {
                                                    "version": "0.1.7",
                                                    "from": "has-color@0.1.7"
                                                },
                                                "ansi-styles": {
                                                    "version": "0.2.0",
                                                    "from": "ansi-styles@0.2.0",
                                                    "resolved": "https://registry.npmjs.org/ansi-styles/-/ansi-styles-0.2.0.tgz"
                                                }
                                            }
                                        }
                                    }
                                },
                                "minimatch": {
                                    "version": "0.2.14",
                                    "from": "minimatch@0.2.14",
                                    "dependencies": {
                                        "lru-cache": {
                                            "version": "2.5.0",
                                            "from": "lru-cache@2.5.0"
                                        },
                                        "sigmund": {
                                            "version": "1.0.0",
                                            "from": "sigmund@1.0.0"
                                        }
                                    }
                                },
                                "nap": {
                                    "version": "0.7.21",
                                    "from": "https://registry.npmjs.org/nap/-/nap-0.7.21.tgz",
                                    "resolved": "https://registry.npmjs.org/nap/-/nap-0.7.21.tgz",
                                    "dependencies": {
                                        "coffee-script": {
                                            "version": "1.8.0",
                                            "from": "https://registry.npmjs.org/coffee-script/-/coffee-script-1.8.0.tgz",
                                            "resolved": "https://registry.npmjs.org/coffee-script/-/coffee-script-1.8.0.tgz",
                                            "dependencies": {
                                                "mkdirp": {
                                                    "version": "0.3.5",
                                                    "from": "mkdirp@0.3.5",
                                                    "resolved": "https://registry.npmjs.org/mkdirp/-/mkdirp-0.3.5.tgz"
                                                }
                                            }
                                        },
                                        "underscore": {
                                            "version": "1.7.0",
                                            "from": "https://registry.npmjs.org/underscore/-/underscore-1.7.0.tgz",
                                            "resolved": "https://registry.npmjs.org/underscore/-/underscore-1.7.0.tgz"
                                        },
                                        "underscore.string": {
                                            "version": "2.4.0",
                                            "from": "https://registry.npmjs.org/underscore.string/-/underscore.string-2.4.0.tgz",
                                            "resolved": "https://registry.npmjs.org/underscore.string/-/underscore.string-2.4.0.tgz"
                                        },
                                        "uglify-js": {
                                            "version": "2.4.15",
                                            "from": "uglify-js@2.4.15",
                                            "resolved": "https://registry.npmjs.org/uglify-js/-/uglify-js-2.4.15.tgz",
                                            "dependencies": {
                                                "async": {
                                                    "version": "0.2.10",
                                                    "from": "async@0.2.10"
                                                },
                                                "source-map": {
                                                    "version": "0.1.34",
                                                    "from": "https://registry.npmjs.org/source-map/-/source-map-0.1.34.tgz",
                                                    "resolved": "https://registry.npmjs.org/source-map/-/source-map-0.1.34.tgz",
                                                    "dependencies": {
                                                        "amdefine": {
                                                            "version": "0.1.0",
                                                            "from": "amdefine@0.1.0"
                                                        }
                                                    }
                                                },
                                                "optimist": {
                                                    "version": "0.3.7",
                                                    "from": "optimist@0.3.7",
                                                    "dependencies": {
                                                        "wordwrap": {
                                                            "version": "0.0.2",
                                                            "from": "wordwrap@0.0.2"
                                                        }
                                                    }
                                                },
                                                "uglify-to-browserify": {
                                                    "version": "1.0.2",
                                                    "from": "uglify-to-browserify@1.0.2"
                                                }
                                            }
                                        },
                                        "sqwish": {
                                            "version": "0.2.2",
                                            "from": "https://registry.npmjs.org/sqwish/-/sqwish-0.2.2.tgz",
                                            "resolved": "https://registry.npmjs.org/sqwish/-/sqwish-0.2.2.tgz"
                                        },
                                        "mkdirp": {
                                            "version": "0.5.0",
                                            "from": "mkdirp@0.5.0",
                                            "dependencies": {
                                                "minimist": {
                                                    "version": "0.0.8",
                                                    "from": "https://registry.npmjs.org/minimist/-/minimist-0.0.8.tgz",
                                                    "resolved": "https://registry.npmjs.org/minimist/-/minimist-0.0.8.tgz"
                                                }
                                            }
                                        },
                                        "file": {
                                            "version": "0.2.2",
                                            "from": "https://registry.npmjs.org/file/-/file-0.2.2.tgz",
                                            "resolved": "https://registry.npmjs.org/file/-/file-0.2.2.tgz"
                                        },
                                        "glob": {
                                            "version": "3.2.11",
                                            "from": "glob@3.2.11",
                                            "resolved": "https://registry.npmjs.org/glob/-/glob-3.2.11.tgz",
                                            "dependencies": {
                                                "inherits": {
                                                    "version": "2.0.1",
                                                    "from": "inherits@2.0.1"
                                                },
                                                "minimatch": {
                                                    "version": "0.3.0",
                                                    "from": "minimatch@0.3.0",
                                                    "dependencies": {
                                                        "lru-cache": {
                                                            "version": "2.5.0",
                                                            "from": "lru-cache@2.5.0",
                                                            "resolved": "https://registry.npmjs.org/lru-cache/-/lru-cache-2.5.0.tgz"
                                                        },
                                                        "sigmund": {
                                                            "version": "1.0.0",
                                                            "from": "sigmund@1.0.0"
                                                        }
                                                    }
                                                }
                                            }
                                        },
                                        "rimraf": {
                                            "version": "2.2.8",
                                            "from": "rimraf@2.2.8"
                                        }
                                    }
                                },
                                "sort-object": {
                                    "version": "0.0.5",
                                    "from": "https://registry.npmjs.org/sort-object/-/sort-object-0.0.5.tgz",
                                    "resolved": "https://registry.npmjs.org/sort-object/-/sort-object-0.0.5.tgz"
                                },
                                "to": {
                                    "version": "0.2.9",
                                    "from": "https://registry.npmjs.org/to/-/to-0.2.9.tgz",
                                    "resolved": "https://registry.npmjs.org/to/-/to-0.2.9.tgz",
                                    "dependencies": {
                                        "handy": {
                                            "version": "0.0.13",
                                            "from": "https://registry.npmjs.org/handy/-/handy-0.0.13.tgz",
                                            "resolved": "https://registry.npmjs.org/handy/-/handy-0.0.13.tgz"
                                        },
                                        "underscore": {
                                            "version": "1.7.0",
                                            "from": "https://registry.npmjs.org/underscore/-/underscore-1.7.0.tgz",
                                            "resolved": "https://registry.npmjs.org/underscore/-/underscore-1.7.0.tgz"
                                        },
                                        "htmlparser": {
                                            "version": "1.7.7",
                                            "from": "https://registry.npmjs.org/htmlparser/-/htmlparser-1.7.7.tgz",
                                            "resolved": "https://registry.npmjs.org/htmlparser/-/htmlparser-1.7.7.tgz"
                                        },
                                        "optimist": {
                                            "version": "0.6.1",
                                            "from": "optimist@0.6.1",
                                            "resolved": "https://registry.npmjs.org/optimist/-/optimist-0.6.1.tgz",
                                            "dependencies": {
                                                "wordwrap": {
                                                    "version": "0.0.2",
                                                    "from": "wordwrap@0.0.2"
                                                },
                                                "minimist": {
                                                    "version": "0.0.10",
                                                    "from": "minimist@0.0.10",
                                                    "resolved": "https://registry.npmjs.org/minimist/-/minimist-0.0.10.tgz"
                                                }
                                            }
                                        }
                                    }
                                }
                            }
                        }
                    }
                },
                "async": {
                    "version": "0.9.0",
                    "from": "async@0.9.0"
                },
                "gray-matter": {
                    "version": "0.4.2",
                    "from": "https://registry.npmjs.org/gray-matter/-/gray-matter-0.4.2.tgz",
                    "resolved": "https://registry.npmjs.org/gray-matter/-/gray-matter-0.4.2.tgz",
                    "dependencies": {
                        "delims": {
                            "version": "0.1.4",
                            "from": "https://registry.npmjs.org/delims/-/delims-0.1.4.tgz",
                            "resolved": "https://registry.npmjs.org/delims/-/delims-0.1.4.tgz"
                        },
                        "fs-utils": {
                            "version": "0.4.3",
                            "from": "https://registry.npmjs.org/fs-utils/-/fs-utils-0.4.3.tgz",
                            "resolved": "https://registry.npmjs.org/fs-utils/-/fs-utils-0.4.3.tgz",
                            "dependencies": {
                                "async": {
                                    "version": "0.6.2",
                                    "from": "https://registry.npmjs.org/async/-/async-0.6.2.tgz",
                                    "resolved": "https://registry.npmjs.org/async/-/async-0.6.2.tgz"
                                },
                                "globule": {
                                    "version": "0.2.0",
                                    "from": "https://registry.npmjs.org/globule/-/globule-0.2.0.tgz",
                                    "resolved": "https://registry.npmjs.org/globule/-/globule-0.2.0.tgz",
                                    "dependencies": {
                                        "glob": {
                                            "version": "3.2.11",
                                            "from": "glob@3.2.11",
                                            "resolved": "https://registry.npmjs.org/glob/-/glob-3.2.11.tgz",
                                            "dependencies": {
                                                "inherits": {
                                                    "version": "2.0.1",
                                                    "from": "inherits@2.0.1"
                                                },
                                                "minimatch": {
                                                    "version": "0.3.0",
                                                    "from": "minimatch@0.3.0",
                                                    "dependencies": {
                                                        "lru-cache": {
                                                            "version": "2.5.0",
                                                            "from": "lru-cache@2.5.0"
                                                        },
                                                        "sigmund": {
                                                            "version": "1.0.0",
                                                            "from": "sigmund@1.0.0"
                                                        }
                                                    }
                                                }
                                            }
                                        },
                                        "minimatch": {
                                            "version": "0.2.14",
                                            "from": "minimatch@0.2.14",
                                            "dependencies": {
                                                "lru-cache": {
                                                    "version": "2.5.0",
                                                    "from": "lru-cache@2.5.0"
                                                },
                                                "sigmund": {
                                                    "version": "1.0.0",
                                                    "from": "sigmund@1.0.0"
                                                }
                                            }
                                        }
                                    }
                                },
                                "graceful-fs": {
                                    "version": "2.0.3",
                                    "from": "graceful-fs@2.0.3",
                                    "resolved": "https://registry.npmjs.org/graceful-fs/-/graceful-fs-2.0.3.tgz"
                                },
                                "js-yaml": {
                                    "version": "3.0.2",
                                    "from": "js-yaml@3.0.2",
                                    "resolved": "https://registry.npmjs.org/js-yaml/-/js-yaml-3.0.2.tgz",
                                    "dependencies": {
                                        "argparse": {
                                            "version": "0.1.15",
                                            "from": "argparse@0.1.15",
                                            "dependencies": {
                                                "underscore": {
                                                    "version": "1.4.4",
                                                    "from": "underscore@1.4.4"
                                                },
                                                "underscore.string": {
                                                    "version": "2.3.3",
                                                    "from": "underscore.string@2.3.3"
                                                }
                                            }
                                        },
                                        "esprima": {
                                            "version": "1.0.4",
                                            "from": "esprima@1.0.4"
                                        }
                                    }
                                },
                                "mkdirp": {
                                    "version": "0.3.5",
                                    "from": "mkdirp@0.3.5",
                                    "resolved": "https://registry.npmjs.org/mkdirp/-/mkdirp-0.3.5.tgz"
                                },
                                "rimraf": {
                                    "version": "2.2.8",
                                    "from": "rimraf@2.2.8"
                                }
                            }
                        },
                        "js-yaml": {
                            "version": "3.2.3",
                            "from": "https://registry.npmjs.org/js-yaml/-/js-yaml-3.2.3.tgz",
                            "resolved": "https://registry.npmjs.org/js-yaml/-/js-yaml-3.2.3.tgz",
                            "dependencies": {
                                "argparse": {
                                    "version": "0.1.15",
                                    "from": "argparse@0.1.15",
                                    "dependencies": {
                                        "underscore": {
                                            "version": "1.4.4",
                                            "from": "underscore@1.4.4"
                                        },
                                        "underscore.string": {
                                            "version": "2.3.3",
                                            "from": "underscore.string@2.3.3"
                                        }
                                    }
                                },
                                "esprima": {
                                    "version": "1.0.4",
                                    "from": "esprima@1.0.4"
                                }
                            }
                        },
                        "verbalize": {
                            "version": "0.1.2",
                            "from": "https://registry.npmjs.org/verbalize/-/verbalize-0.1.2.tgz",
                            "resolved": "https://registry.npmjs.org/verbalize/-/verbalize-0.1.2.tgz",
                            "dependencies": {
                                "chalk": {
                                    "version": "0.4.0",
                                    "from": "chalk@0.4.0",
                                    "dependencies": {
                                        "has-color": {
                                            "version": "0.1.7",
                                            "from": "has-color@0.1.7"
                                        },
                                        "ansi-styles": {
                                            "version": "1.0.0",
                                            "from": "ansi-styles@1.0.0"
                                        },
                                        "strip-ansi": {
                                            "version": "0.1.1",
                                            "from": "strip-ansi@0.1.1"
                                        }
                                    }
                                }
                            }
                        }
                    }
                },
                "inflection": {
                    "version": "1.5.2",
                    "from": "https://registry.npmjs.org/inflection/-/inflection-1.5.2.tgz",
                    "resolved": "https://registry.npmjs.org/inflection/-/inflection-1.5.2.tgz"
                },
                "lodash": {
                    "version": "2.4.1",
                    "from": "lodash@2.4.1"
                },
                "resolve-dep": {
                    "version": "0.4.1",
                    "from": "https://registry.npmjs.org/resolve-dep/-/resolve-dep-0.4.1.tgz",
                    "resolved": "https://registry.npmjs.org/resolve-dep/-/resolve-dep-0.4.1.tgz",
                    "dependencies": {
                        "array-flatten": {
                            "version": "0.0.2",
                            "from": "https://registry.npmjs.org/array-flatten/-/array-flatten-0.0.2.tgz",
                            "resolved": "https://registry.npmjs.org/array-flatten/-/array-flatten-0.0.2.tgz"
                        },
                        "cwd": {
                            "version": "0.3.7",
                            "from": "https://registry.npmjs.org/cwd/-/cwd-0.3.7.tgz",
                            "resolved": "https://registry.npmjs.org/cwd/-/cwd-0.3.7.tgz",
                            "dependencies": {
                                "findup-sync": {
                                    "version": "0.1.3",
                                    "from": "findup-sync@0.1.3",
                                    "dependencies": {
                                        "glob": {
                                            "version": "3.2.11",
                                            "from": "glob@3.2.11",
                                            "resolved": "https://registry.npmjs.org/glob/-/glob-3.2.11.tgz",
                                            "dependencies": {
                                                "inherits": {
                                                    "version": "2.0.1",
                                                    "from": "inherits@2.0.1"
                                                },
                                                "minimatch": {
                                                    "version": "0.3.0",
                                                    "from": "minimatch@0.3.0",
                                                    "dependencies": {
                                                        "lru-cache": {
                                                            "version": "2.5.0",
                                                            "from": "lru-cache@2.5.0"
                                                        },
                                                        "sigmund": {
                                                            "version": "1.0.0",
                                                            "from": "sigmund@1.0.0"
                                                        }
                                                    }
                                                }
                                            }
                                        }
                                    }
                                }
                            }
                        },
                        "globby": {
                            "version": "0.1.1",
                            "from": "https://registry.npmjs.org/globby/-/globby-0.1.1.tgz",
                            "resolved": "https://registry.npmjs.org/globby/-/globby-0.1.1.tgz",
                            "dependencies": {
                                "array-differ": {
                                    "version": "0.1.0",
                                    "from": "https://registry.npmjs.org/array-differ/-/array-differ-0.1.0.tgz",
                                    "resolved": "https://registry.npmjs.org/array-differ/-/array-differ-0.1.0.tgz"
                                },
                                "array-union": {
                                    "version": "0.1.0",
                                    "from": "https://registry.npmjs.org/array-union/-/array-union-0.1.0.tgz",
                                    "resolved": "https://registry.npmjs.org/array-union/-/array-union-0.1.0.tgz",
                                    "dependencies": {
                                        "array-uniq": {
                                            "version": "0.1.1",
                                            "from": "https://registry.npmjs.org/array-uniq/-/array-uniq-0.1.1.tgz",
                                            "resolved": "https://registry.npmjs.org/array-uniq/-/array-uniq-0.1.1.tgz"
                                        }
                                    }
                                },
                                "glob": {
                                    "version": "4.0.6",
                                    "from": "glob@4.0.6",
                                    "resolved": "https://registry.npmjs.org/glob/-/glob-4.0.6.tgz",
                                    "dependencies": {
                                        "graceful-fs": {
                                            "version": "3.0.4",
                                            "from": "graceful-fs@3.0.4",
                                            "resolved": "https://registry.npmjs.org/graceful-fs/-/graceful-fs-3.0.4.tgz"
                                        },
                                        "inherits": {
                                            "version": "2.0.1",
                                            "from": "inherits@2.0.1"
                                        },
                                        "minimatch": {
                                            "version": "1.0.0",
                                            "from": "minimatch@1.0.0",
                                            "resolved": "https://registry.npmjs.org/minimatch/-/minimatch-1.0.0.tgz",
                                            "dependencies": {
                                                "lru-cache": {
                                                    "version": "2.5.0",
                                                    "from": "lru-cache@2.5.0"
                                                },
                                                "sigmund": {
                                                    "version": "1.0.0",
                                                    "from": "sigmund@1.0.0"
                                                }
                                            }
                                        },
                                        "once": {
                                            "version": "1.3.1",
                                            "from": "once@1.3.1",
                                            "resolved": "https://registry.npmjs.org/once/-/once-1.3.1.tgz",
                                            "dependencies": {
                                                "wrappy": {
                                                    "version": "1.0.1",
                                                    "from": "wrappy@1.0.1",
                                                    "resolved": "https://registry.npmjs.org/wrappy/-/wrappy-1.0.1.tgz"
                                                }
                                            }
                                        }
                                    }
                                }
                            }
                        },
                        "load-pkg": {
                            "version": "0.1.0",
                            "from": "https://registry.npmjs.org/load-pkg/-/load-pkg-0.1.0.tgz",
                            "resolved": "https://registry.npmjs.org/load-pkg/-/load-pkg-0.1.0.tgz"
                        },
                        "multimatch": {
                            "version": "0.3.0",
                            "from": "https://registry.npmjs.org/multimatch/-/multimatch-0.3.0.tgz",
                            "resolved": "https://registry.npmjs.org/multimatch/-/multimatch-0.3.0.tgz",
                            "dependencies": {
                                "array-differ": {
                                    "version": "0.1.0",
                                    "from": "https://registry.npmjs.org/array-differ/-/array-differ-0.1.0.tgz",
                                    "resolved": "https://registry.npmjs.org/array-differ/-/array-differ-0.1.0.tgz"
                                },
                                "array-union": {
                                    "version": "0.1.0",
                                    "from": "https://registry.npmjs.org/array-union/-/array-union-0.1.0.tgz",
                                    "resolved": "https://registry.npmjs.org/array-union/-/array-union-0.1.0.tgz",
                                    "dependencies": {
                                        "array-uniq": {
                                            "version": "0.1.1",
                                            "from": "https://registry.npmjs.org/array-uniq/-/array-uniq-0.1.1.tgz",
                                            "resolved": "https://registry.npmjs.org/array-uniq/-/array-uniq-0.1.1.tgz"
                                        }
                                    }
                                },
                                "minimatch": {
                                    "version": "0.3.0",
                                    "from": "minimatch@0.3.0",
                                    "dependencies": {
                                        "lru-cache": {
                                            "version": "2.5.0",
                                            "from": "lru-cache@2.5.0"
                                        },
                                        "sigmund": {
                                            "version": "1.0.0",
                                            "from": "sigmund@1.0.0"
                                        }
                                    }
                                }
                            }
                        },
                        "normalize-path": {
                            "version": "0.1.1",
                            "from": "https://registry.npmjs.org/normalize-path/-/normalize-path-0.1.1.tgz",
                            "resolved": "https://registry.npmjs.org/normalize-path/-/normalize-path-0.1.1.tgz"
                        },
                        "resolve": {
                            "version": "0.6.3",
                            "from": "https://registry.npmjs.org/resolve/-/resolve-0.6.3.tgz",
                            "resolved": "https://registry.npmjs.org/resolve/-/resolve-0.6.3.tgz"
                        },
                        "xtend": {
                            "version": "3.0.0",
                            "from": "https://registry.npmjs.org/xtend/-/xtend-3.0.0.tgz",
                            "resolved": "https://registry.npmjs.org/xtend/-/xtend-3.0.0.tgz"
                        }
                    }
                }
            }
        }
    }
}
